
Microsoft Visual Studio Solution File, Format Version 12.00
# Visual Studio 15
VisualStudioVersion = 15.0.28307.1738
MinimumVisualStudioVersion = 10.0.40219.1
Project("{8BC9CEB8-8B4A-11D0-8D11-00A0C91BC942}") = "cpp_study_211203", "cpp_study_211203\cpp_study_211203.vcxproj", "{F244E2B9-708A-4F0E-8FFF-6E6B6E6714BE}"
EndProject
Project("{8BC9CEB8-8B4A-11D0-8D11-00A0C91BC942}") = "cpp_study_02", "ConsoleApplication1\ConsoleApplication1.vcxproj", "{74FF7233-71AB-498F-93D5-AC2DF0FA1657}"
EndProject
Global
	GlobalSection(SolutionConfigurationPlatforms) = preSolution
		Debug|Any CPU = Debug|Any CPU
		Debug|x64 = Debug|x64
		Debug|x86 = Debug|x86
		Release|Any CPU = Release|Any CPU
		Release|x64 = Release|x64
		Release|x86 = Release|x86
	EndGlobalSection
	GlobalSection(ProjectConfigurationPlatforms) = postSolution
		{F244E2B9-708A-4F0E-8FFF-6E6B6E6714BE}.Debug|Any CPU.ActiveCfg = Debug|Win32
		{F244E2B9-708A-4F0E-8FFF-6E6B6E6714BE}.Debug|x64.ActiveCfg = Debug|x64
		{F244E2B9-708A-4F0E-8FFF-6E6B6E6714BE}.Debug|x64.Build.0 = Debug|x64
		{F244E2B9-708A-4F0E-8FFF-6E6B6E6714BE}.Debug|x86.ActiveCfg = Debug|Win32
		{F244E2B9-708A-4F0E-8FFF-6E6B6E6714BE}.Debug|x86.Build.0 = Debug|Win32
		{F244E2B9-708A-4F0E-8FFF-6E6B6E6714BE}.Release|Any CPU.ActiveCfg = Release|Win32
		{F244E2B9-708A-4F0E-8FFF-6E6B6E6714BE}.Release|x64.ActiveCfg = Release|x64
		{F244E2B9-708A-4F0E-8FFF-6E6B6E6714BE}.Release|x64.Build.0 = Release|x64
		{F244E2B9-708A-4F0E-8FFF-6E6B6E6714BE}.Release|x86.ActiveCfg = Release|Win32
		{F244E2B9-708A-4F0E-8FFF-6E6B6E6714BE}.Release|x86.Build.0 = Release|Win32
		{74FF7233-71AB-498F-93D5-AC2DF0FA1657}.Debug|Any CPU.ActiveCfg = Debug|Win32
		{74FF7233-71AB-498F-93D5-AC2DF0FA1657}.Debug|x64.ActiveCfg = Debug|x64
		{74FF7233-71AB-498F-93D5-AC2DF0FA1657}.Debug|x64.Build.0 = Debug|x64
		{74FF7233-71AB-498F-93D5-AC2DF0FA1657}.Debug|x86.ActiveCfg = Debug|Win32
		{74FF7233-71AB-498F-93D5-AC2DF0FA1657}.Debug|x86.Build.0 = Debug|Win32
		{74FF7233-71AB-498F-93D5-AC2DF0FA1657}.Release|Any CPU.ActiveCfg = Release|Win32
		{74FF7233-71AB-498F-93D5-AC2DF0FA1657}.Release|x64.ActiveCfg = Release|x64
		{74FF7233-71AB-498F-93D5-AC2DF0FA1657}.Release|x64.Build.0 = Release|x64
		{74FF7233-71AB-498F-93D5-AC2DF0FA1657}.Release|x86.ActiveCfg = Release|Win32
		{74FF7233-71AB-498F-93D5-AC2DF0FA1657}.Release|x86.Build.0 = Release|Win32
	EndGlobalSection
	GlobalSection(SolutionProperties) = preSolution
		HideSolutionNode = FALSE
	EndGlobalSection
	GlobalSection(ExtensibilityGlobals) = postSolution
		SolutionGuid = {7ACF699D-F03D-4D19-B8C9-7A49B251FCF3}
	EndGlobalSection
EndGlobal
